
Microsoft Visual Studio Solution File, Format Version 12.00
# Visual Studio Version 17
VisualStudioVersion = 17.4.33213.308
MinimumVisualStudioVersion = 10.0.40219.1
Project("{FAE04EC0-301F-11D3-BF4B-00C04F79EFBC}") = "RetosProgramacion", "RetosProgramacion\RetosProgramacion.csproj", "{86933DE0-5920-40B0-9A45-483BE946A5D2}"
EndProject
Global
	GlobalSection(SolutionConfigurationPlatforms) = preSolution
		Debug|Any CPU = Debug|Any CPU
		Release|Any CPU = Release|Any CPU
	EndGlobalSection
	GlobalSection(ProjectConfigurationPlatforms) = postSolution
		{86933DE0-5920-40B0-9A45-483BE946A5D2}.Debug|Any CPU.ActiveCfg = Debug|Any CPU
		{86933DE0-5920-40B0-9A45-483BE946A5D2}.Debug|Any CPU.Build.0 = Debug|Any CPU
		{86933DE0-5920-40B0-9A45-483BE946A5D2}.Release|Any CPU.ActiveCfg = Release|Any CPU
		{86933DE0-5920-40B0-9A45-483BE946A5D2}.Release|Any CPU.Build.0 = Release|Any CPU
	EndGlobalSection
	GlobalSection(SolutionProperties) = preSolution
		HideSolutionNode = FALSE
	EndGlobalSection
	GlobalSection(ExtensibilityGlobals) = postSolution
		SolutionGuid = {64210099-04B1-402B-8778-954D1D218E17}
	EndGlobalSection
EndGlobal
